<?xml version="1.0" encoding="UTF-8" standalone="yes" ?>
<CodeBlocks_project_file>
	<FileVersion major="1" minor="6" />
	<Project>
		<Option title="gatewayServer" />
		<Option pch_mode="2" />
		<Option compiler="gcc" />
		<Build>
			<Target title="Debug">
				<Option output="bin/Debug/gatewayServer" prefix_auto="1" extension_auto="1" />
				<Option object_output="obj/Debug/" />
				<Option type="1" />
				<Option compiler="gcc" />
				<Compiler>
					<Add option="-g" />
				</Compiler>
			</Target>
			<Target title="Release">
				<Option output="bin/Release/gatewayServer" prefix_auto="1" extension_auto="1" />
				<Option object_output="obj/Release/" />
				<Option type="1" />
				<Option compiler="gcc" />
				<Compiler>
					<Add option="-O2" />
				</Compiler>
				<Linker>
					<Add option="-s" />
				</Linker>
			</Target>
		</Build>
		<Compiler>
			<Add option="-Wall" />
			<Add option="-std=c++11" />
		</Compiler>
		<Linker>
			<Add option="-lpthread" />
			<Add option="-lconfig++" />
		</Linker>
		<Unit filename="administrador.cpp" />
		<Unit filename="administrador.h" />
		<Unit filename="almacen.cpp" />
		<Unit filename="almacen.h" />
		<Unit filename="basecreator.h" />
		<Unit filename="cliente.cpp" />
		<Unit filename="cliente.h" />
		<Unit filename="fabrica.cpp" />
		<Unit filename="fabrica.h" />
		<Unit filename="informante.cpp" />
		<Unit filename="informante.h" />
		<Unit filename="main.cpp" />
		<Unit filename="mythread.cpp" />
		<Unit filename="mythread.h" />
		<Unit filename="registro.cpp" />
		<Unit filename="registro.h" />
		<Unit filename="server.cpp" />
		<Unit filename="server.h" />
		<Unit filename="servidor.cpp" />
		<Unit filename="servidor.h" />
		<Unit filename="visor.cpp" />
		<Unit filename="visor.h" />
		<Extensions>
			<envvars />
			<code_completion />
			<debugger />
			<lib_finder disable_auto="1" />
		</Extensions>
	</Project>
</CodeBlocks_project_file>
